
Microsoft Visual Studio Solution File, Format Version 12.00
# Visual Studio Version 17
VisualStudioVersion = 17.12.35521.163
MinimumVisualStudioVersion = 10.0.40219.1
Project("{FAE04EC0-301F-11D3-BF4B-00C04F79EFBC}") = "Lumine.API", "Lumine.API\Lumine.API.csproj", "{E5960212-FA95-4C03-B8C6-299FB46EFE69}"
EndProject
Project("{2150E333-8FDC-42A3-9474-1A3956D46DE8}") = "1.INTERFACE ADAPTERS", "1.INTERFACE ADAPTERS", "{E5EE31F2-3B11-4DDD-99B7-2CB1B50E35C0}"
EndProject
Project("{2150E333-8FDC-42A3-9474-1A3956D46DE8}") = "2.APPLICATION", "2.APPLICATION", "{380650EC-1CBA-488D-92EE-0513549E1B3E}"
EndProject
Project("{FAE04EC0-301F-11D3-BF4B-00C04F79EFBC}") = "Application", "Services\Application.csproj", "{0286FDC6-027C-4D80-942B-9201C7DFC28D}"
	ProjectSection(ProjectDependencies) = postProject
		{16738035-4858-4077-B13E-66DF2CEE011A} = {16738035-4858-4077-B13E-66DF2CEE011A}
	EndProjectSection
EndProject
Project("{2150E333-8FDC-42A3-9474-1A3956D46DE8}") = "3.INFRASTRUCTURE", "3.INFRASTRUCTURE", "{D6978CD2-D303-4E6D-9F25-830D2C04BAFE}"
EndProject
Project("{FAE04EC0-301F-11D3-BF4B-00C04F79EFBC}") = "Infrastructure", "Infrastructure\Infrastructure.csproj", "{8C787722-18A8-4E05-9C71-C59748D59AE9}"
EndProject
Project("{2150E333-8FDC-42A3-9474-1A3956D46DE8}") = "4.CORE", "4.CORE", "{7954DC18-7B95-44B8-A9FB-004B628BFAB0}"
EndProject
Project("{FAE04EC0-301F-11D3-BF4B-00C04F79EFBC}") = "Core", "Core\Core.csproj", "{D9899FB4-A341-4783-BE13-49DFDF29C0F6}"
EndProject
Project("{FAE04EC0-301F-11D3-BF4B-00C04F79EFBC}") = "Domain", "Domain\Domain.csproj", "{16738035-4858-4077-B13E-66DF2CEE011A}"
EndProject
Project("{FAE04EC0-301F-11D3-BF4B-00C04F79EFBC}") = "Lumine.Blazor", "Lumine.Blazor\Lumine.Blazor.csproj", "{1F6231C2-F863-4B81-9E8F-147DFC8E96BF}"
EndProject
Global
	GlobalSection(SolutionConfigurationPlatforms) = preSolution
		Debug|Any CPU = Debug|Any CPU
		Release|Any CPU = Release|Any CPU
	EndGlobalSection
	GlobalSection(ProjectConfigurationPlatforms) = postSolution
		{E5960212-FA95-4C03-B8C6-299FB46EFE69}.Debug|Any CPU.ActiveCfg = Debug|Any CPU
		{E5960212-FA95-4C03-B8C6-299FB46EFE69}.Debug|Any CPU.Build.0 = Debug|Any CPU
		{E5960212-FA95-4C03-B8C6-299FB46EFE69}.Release|Any CPU.ActiveCfg = Release|Any CPU
		{E5960212-FA95-4C03-B8C6-299FB46EFE69}.Release|Any CPU.Build.0 = Release|Any CPU
		{0286FDC6-027C-4D80-942B-9201C7DFC28D}.Debug|Any CPU.ActiveCfg = Debug|Any CPU
		{0286FDC6-027C-4D80-942B-9201C7DFC28D}.Debug|Any CPU.Build.0 = Debug|Any CPU
		{0286FDC6-027C-4D80-942B-9201C7DFC28D}.Release|Any CPU.ActiveCfg = Release|Any CPU
		{0286FDC6-027C-4D80-942B-9201C7DFC28D}.Release|Any CPU.Build.0 = Release|Any CPU
		{8C787722-18A8-4E05-9C71-C59748D59AE9}.Debug|Any CPU.ActiveCfg = Debug|Any CPU
		{8C787722-18A8-4E05-9C71-C59748D59AE9}.Debug|Any CPU.Build.0 = Debug|Any CPU
		{8C787722-18A8-4E05-9C71-C59748D59AE9}.Release|Any CPU.ActiveCfg = Release|Any CPU
		{8C787722-18A8-4E05-9C71-C59748D59AE9}.Release|Any CPU.Build.0 = Release|Any CPU
		{D9899FB4-A341-4783-BE13-49DFDF29C0F6}.Debug|Any CPU.ActiveCfg = Debug|Any CPU
		{D9899FB4-A341-4783-BE13-49DFDF29C0F6}.Debug|Any CPU.Build.0 = Debug|Any CPU
		{D9899FB4-A341-4783-BE13-49DFDF29C0F6}.Release|Any CPU.ActiveCfg = Release|Any CPU
		{D9899FB4-A341-4783-BE13-49DFDF29C0F6}.Release|Any CPU.Build.0 = Release|Any CPU
		{16738035-4858-4077-B13E-66DF2CEE011A}.Debug|Any CPU.ActiveCfg = Debug|Any CPU
		{16738035-4858-4077-B13E-66DF2CEE011A}.Debug|Any CPU.Build.0 = Debug|Any CPU
		{16738035-4858-4077-B13E-66DF2CEE011A}.Release|Any CPU.ActiveCfg = Release|Any CPU
		{16738035-4858-4077-B13E-66DF2CEE011A}.Release|Any CPU.Build.0 = Release|Any CPU
		{1F6231C2-F863-4B81-9E8F-147DFC8E96BF}.Debug|Any CPU.ActiveCfg = Debug|Any CPU
		{1F6231C2-F863-4B81-9E8F-147DFC8E96BF}.Debug|Any CPU.Build.0 = Debug|Any CPU
		{1F6231C2-F863-4B81-9E8F-147DFC8E96BF}.Release|Any CPU.ActiveCfg = Release|Any CPU
		{1F6231C2-F863-4B81-9E8F-147DFC8E96BF}.Release|Any CPU.Build.0 = Release|Any CPU
	EndGlobalSection
	GlobalSection(SolutionProperties) = preSolution
		HideSolutionNode = FALSE
	EndGlobalSection
	GlobalSection(NestedProjects) = preSolution
		{E5960212-FA95-4C03-B8C6-299FB46EFE69} = {E5EE31F2-3B11-4DDD-99B7-2CB1B50E35C0}
		{0286FDC6-027C-4D80-942B-9201C7DFC28D} = {380650EC-1CBA-488D-92EE-0513549E1B3E}
		{8C787722-18A8-4E05-9C71-C59748D59AE9} = {D6978CD2-D303-4E6D-9F25-830D2C04BAFE}
		{D9899FB4-A341-4783-BE13-49DFDF29C0F6} = {7954DC18-7B95-44B8-A9FB-004B628BFAB0}
		{16738035-4858-4077-B13E-66DF2CEE011A} = {7954DC18-7B95-44B8-A9FB-004B628BFAB0}
		{1F6231C2-F863-4B81-9E8F-147DFC8E96BF} = {E5EE31F2-3B11-4DDD-99B7-2CB1B50E35C0}
	EndGlobalSection
EndGlobal
